{
  "name": "frontend",
  "lockfileVersion": 3,
  "requires": true,
  "packages": {
    "": {
      "dependencies": {
        "chat-app": "file:../.."
      }
    },
    "../..": {
      "name": "chat-app",
      "version": "1.0.0",
      "license": "ISC"
    },
    "node_modules/chat-app": {
      "resolved": "../..",
      "link": true
    }
  }
}
